// !$*UTF8*$!
{
	archiveVersion = 1;
	classes = {
	};
	objectVersion = 46;
	objects = {

/* Begin PBXBuildFile section */
		D9B332EA1C68F90E00013CD1 /* AppDelegate.swift in Sources */ = {isa = PBXBuildFile; fileRef = D9B332E91C68F90E00013CD1 /* AppDelegate.swift */; };
		D9B332EF1C68F90E00013CD1 /* Main.storyboard in Resources */ = {isa = PBXBuildFile; fileRef = D9B332ED1C68F90E00013CD1 /* Main.storyboard */; };
		D9B332F41C68F90E00013CD1 /* LaunchScreen.storyboard in Resources */ = {isa = PBXBuildFile; fileRef = D9B332F21C68F90E00013CD1 /* LaunchScreen.storyboard */; };
		D9B332FC1C68F96900013CD1 /* TabBarController.swift in Sources */ = {isa = PBXBuildFile; fileRef = D9B332FB1C68F96900013CD1 /* TabBarController.swift */; };
		D9B333031C68FB0800013CD1 /* SettingsNavigationController.swift in Sources */ = {isa = PBXBuildFile; fileRef = D9B332FD1C68FB0800013CD1 /* SettingsNavigationController.swift */; };
		D9B333041C68FB0800013CD1 /* SettingsMenuTableView.swift in Sources */ = {isa = PBXBuildFile; fileRef = D9B332FE1C68FB0800013CD1 /* SettingsMenuTableView.swift */; };
		D9B333051C68FB0800013CD1 /* SettingsMenuTableViewDataSource.swift in Sources */ = {isa = PBXBuildFile; fileRef = D9B332FF1C68FB0800013CD1 /* SettingsMenuTableViewDataSource.swift */; };
		D9B333061C68FB0800013CD1 /* SettingsMenuHeaderView.swift in Sources */ = {isa = PBXBuildFile; fileRef = D9B333001C68FB0800013CD1 /* SettingsMenuHeaderView.swift */; };
		D9B333071C68FB0800013CD1 /* SettingsMenuHeaderView.xib in Resources */ = {isa = PBXBuildFile; fileRef = D9B333011C68FB0800013CD1 /* SettingsMenuHeaderView.xib */; };
		D9B333091C68FB3400013CD1 /* Assets.xcassets in Resources */ = {isa = PBXBuildFile; fileRef = D9B333081C68FB3400013CD1 /* Assets.xcassets */; };
/* End PBXBuildFile section */

/* Begin PBXFileReference section */
		D9B332E61C68F90E00013CD1 /* CenterFloatingActionButtonTabBar.app */ = {isa = PBXFileReference; explicitFileType = wrapper.application; includeInIndex = 0; path = CenterFloatingActionButtonTabBar.app; sourceTree = BUILT_PRODUCTS_DIR; };
		D9B332E91C68F90E00013CD1 /* AppDelegate.swift */ = {isa = PBXFileReference; lastKnownFileType = sourcecode.swift; path = AppDelegate.swift; sourceTree = "<group>"; };
		D9B332EE1C68F90E00013CD1 /* Base */ = {isa = PBXFileReference; lastKnownFileType = file.storyboard; name = Base; path = Base.lproj/Main.storyboard; sourceTree = "<group>"; };
		D9B332F31C68F90E00013CD1 /* Base */ = {isa = PBXFileReference; lastKnownFileType = file.storyboard; name = Base; path = Base.lproj/LaunchScreen.storyboard; sourceTree = "<group>"; };
		D9B332F51C68F90E00013CD1 /* Info.plist */ = {isa = PBXFileReference; lastKnownFileType = text.plist.xml; path = Info.plist; sourceTree = "<group>"; };
		D9B332FB1C68F96900013CD1 /* TabBarController.swift */ = {isa = PBXFileReference; fileEncoding = 4; lastKnownFileType = sourcecode.swift; path = TabBarController.swift; sourceTree = "<group>"; };
		D9B332FD1C68FB0800013CD1 /* SettingsNavigationController.swift */ = {isa = PBXFileReference; fileEncoding = 4; lastKnownFileType = sourcecode.swift; path = SettingsNavigationController.swift; sourceTree = "<group>"; };
		D9B332FE1C68FB0800013CD1 /* SettingsMenuTableView.swift */ = {isa = PBXFileReference; fileEncoding = 4; lastKnownFileType = sourcecode.swift; path = SettingsMenuTableView.swift; sourceTree = "<group>"; };
		D9B332FF1C68FB0800013CD1 /* SettingsMenuTableViewDataSource.swift */ = {isa = PBXFileReference; fileEncoding = 4; lastKnownFileType = sourcecode.swift; path = SettingsMenuTableViewDataSource.swift; sourceTree = "<group>"; };
		D9B333001C68FB0800013CD1 /* SettingsMenuHeaderView.swift */ = {isa = PBXFileReference; fileEncoding = 4; lastKnownFileType = sourcecode.swift; path = SettingsMenuHeaderView.swift; sourceTree = "<group>"; };
		D9B333011C68FB0800013CD1 /* SettingsMenuHeaderView.xib */ = {isa = PBXFileReference; fileEncoding = 4; lastKnownFileType = file.xib; path = SettingsMenuHeaderView.xib; sourceTree = "<group>"; };
		D9B333081C68FB3400013CD1 /* Assets.xcassets */ = {isa = PBXFileReference; lastKnownFileType = folder.assetcatalog; path = Assets.xcassets; sourceTree = "<group>"; };
/* End PBXFileReference section */

/* Begin PBXFrameworksBuildPhase section */
		D9B332E31C68F90E00013CD1 /* Frameworks */ = {
			isa = PBXFrameworksBuildPhase;
			buildActionMask = 2147483647;
			files = (
			);
			runOnlyForDeploymentPostprocessing = 0;
		};
/* End PBXFrameworksBuildPhase section */

/* Begin PBXGroup section */
		D9B332DD1C68F90E00013CD1 = {
			isa = PBXGroup;
			children = (
				D9B332E81C68F90E00013CD1 /* CenterFloatingActionButtonTabBar */,
				D9B332E71C68F90E00013CD1 /* Products */,
			);
			sourceTree = "<group>";
		};
		D9B332E71C68F90E00013CD1 /* Products */ = {
			isa = PBXGroup;
			children = (
				D9B332E61C68F90E00013CD1 /* CenterFloatingActionButtonTabBar.app */,
			);
			name = Products;
			sourceTree = "<group>";
		};
		D9B332E81C68F90E00013CD1 /* CenterFloatingActionButtonTabBar */ = {
			isa = PBXGroup;
			children = (
				D9B332E91C68F90E00013CD1 /* AppDelegate.swift */,
				D9B332ED1C68F90E00013CD1 /* Main.storyboard */,
				D9B332FB1C68F96900013CD1 /* TabBarController.swift */,
				D9B333021C68FB0800013CD1 /* RightSideSlideOutSettingsMenu */,
				D9B332F21C68F90E00013CD1 /* LaunchScreen.storyboard */,
				D9B333081C68FB3400013CD1 /* Assets.xcassets */,
				D9B332F51C68F90E00013CD1 /* Info.plist */,
			);
			path = CenterFloatingActionButtonTabBar;
			sourceTree = "<group>";
		};
		D9B333021C68FB0800013CD1 /* RightSideSlideOutSettingsMenu */ = {
			isa = PBXGroup;
			children = (
				D9B332FD1C68FB0800013CD1 /* SettingsNavigationController.swift */,
				D9B332FE1C68FB0800013CD1 /* SettingsMenuTableView.swift */,
				D9B332FF1C68FB0800013CD1 /* SettingsMenuTableViewDataSource.swift */,
				D9B333001C68FB0800013CD1 /* SettingsMenuHeaderView.swift */,
				D9B333011C68FB0800013CD1 /* SettingsMenuHeaderView.xib */,
			);
			name = RightSideSlideOutSettingsMenu;
			path = "../../../Projects/Consumer App/Tastii";
			sourceTree = "<group>";
		};
/* End PBXGroup section */

/* Begin PBXNativeTarget section */
		D9B332E51C68F90E00013CD1 /* CenterFloatingActionButtonTabBar */ = {
			isa = PBXNativeTarget;
			buildConfigurationList = D9B332F81C68F90E00013CD1 /* Build configuration list for PBXNativeTarget "CenterFloatingActionButtonTabBar" */;
			buildPhases = (
				D9B332E21C68F90E00013CD1 /* Sources */,
				D9B332E31C68F90E00013CD1 /* Frameworks */,
				D9B332E41C68F90E00013CD1 /* Resources */,
			);
			buildRules = (
			);
			dependencies = (
			);
			name = CenterFloatingActionButtonTabBar;
			productName = CenterFloatingActionButtonTabBar;
			productReference = D9B332E61C68F90E00013CD1 /* CenterFloatingActionButtonTabBar.app */;
			productType = "com.apple.product-type.application";
		};
/* End PBXNativeTarget section */

/* Begin PBXProject section */
		D9B332DE1C68F90E00013CD1 /* Project object */ = {
			isa = PBXProject;
			attributes = {
				LastSwiftUpdateCheck = 0720;
				LastUpgradeCheck = 0720;
				ORGANIZATIONNAME = "Terry Bu";
				TargetAttributes = {
					D9B332E51C68F90E00013CD1 = {
						CreatedOnToolsVersion = 7.2.1;
					};
				};
			};
			buildConfigurationList = D9B332E11C68F90E00013CD1 /* Build configuration list for PBXProject "CenterFloatingActionButtonTabBar" */;
			compatibilityVersion = "Xcode 3.2";
			developmentRegion = English;
			hasScannedForEncodings = 0;
			knownRegions = (
				en,
				Base,
			);
			mainGroup = D9B332DD1C68F90E00013CD1;
			productRefGroup = D9B332E71C68F90E00013CD1 /* Products */;
			projectDirPath = "";
			projectRoot = "";
			targets = (
				D9B332E51C68F90E00013CD1 /* CenterFloatingActionButtonTabBar */,
			);
		};
/* End PBXProject section */

/* Begin PBXResourcesBuildPhase section */
		D9B332E41C68F90E00013CD1 /* Resources */ = {
			isa = PBXResourcesBuildPhase;
			buildActionMask = 2147483647;
			files = (
				D9B332F41C68F90E00013CD1 /* LaunchScreen.storyboard in Resources */,
				D9B333071C68FB0800013CD1 /* SettingsMenuHeaderView.xib in Resources */,
				D9B333091C68FB3400013CD1 /* Assets.xcassets in Resources */,
				D9B332EF1C68F90E00013CD1 /* Main.storyboard in Resources */,
			);
			runOnlyForDeploymentPostprocessing = 0;
		};
/* End PBXResourcesBuildPhase section */

/* Begin PBXSourcesBuildPhase section */
		D9B332E21C68F90E00013CD1 /* Sources */ = {
			isa = PBXSourcesBuildPhase;
			buildActionMask = 2147483647;
			files = (
				D9B333041C68FB0800013CD1 /* SettingsMenuTableView.swift in Sources */,
				D9B332FC1C68F96900013CD1 /* TabBarController.swift in Sources */,
				D9B333061C68FB0800013CD1 /* SettingsMenuHeaderView.swift in Sources */,
				D9B333031C68FB0800013CD1 /* SettingsNavigationController.swift in Sources */,
				D9B333051C68FB0800013CD1 /* SettingsMenuTableViewDataSource.swift in Sources */,
				D9B332EA1C68F90E00013CD1 /* AppDelegate.swift in Sources */,
			);
			runOnlyForDeploymentPostprocessing = 0;
		};
/* End PBXSourcesBuildPhase section */

/* Begin PBXVariantGroup section */
		D9B332ED1C68F90E00013CD1 /* Main.storyboard */ = {
			isa = PBXVariantGroup;
			children = (
				D9B332EE1C68F90E00013CD1 /* Base */,
			);
			name = Main.storyboard;
			sourceTree = "<group>";
		};
		D9B332F21C68F90E00013CD1 /* LaunchScreen.storyboard */ = {
			isa = PBXVariantGroup;
			children = (
				D9B332F31C68F90E00013CD1 /* Base */,
			);
			name = LaunchScreen.storyboard;
			sourceTree = "<group>";
		};
/* End PBXVariantGroup section */

/* Begin XCBuildConfiguration section */
		D9B332F61C68F90E00013CD1 /* Debug */ = {
			isa = XCBuildConfiguration;
			buildSettings = {
				ALWAYS_SEARCH_USER_PATHS = NO;
				CLANG_CXX_LANGUAGE_STANDARD = "gnu++0x";
				CLANG_CXX_LIBRARY = "libc++";
				CLANG_ENABLE_MODULES = YES;
				CLANG_ENABLE_OBJC_ARC = YES;
				CLANG_WARN_BOOL_CONVERSION = YES;
				CLANG_WARN_CONSTANT_CONVERSION = YES;
				CLANG_WARN_DIRECT_OBJC_ISA_USAGE = YES_ERROR;
				CLANG_WARN_EMPTY_BODY = YES;
				CLANG_WARN_ENUM_CONVERSION = YES;
				CLANG_WARN_INT_CONVERSION = YES;
				CLANG_WARN_OBJC_ROOT_CLASS = YES_ERROR;
				CLANG_WARN_UNREACHABLE_CODE = YES;
				CLANG_WARN__DUPLICATE_METHOD_MATCH = YES;
				"CODE_SIGN_IDENTITY[sdk=iphoneos*]" = "iPhone Developer";
				COPY_PHASE_STRIP = NO;
				DEBUG_INFORMATION_FORMAT = dwarf;
				ENABLE_STRICT_OBJC_MSGSEND = YES;
				ENABLE_TESTABILITY = YES;
				GCC_C_LANGUAGE_STANDARD = gnu99;
				GCC_DYNAMIC_NO_PIC = NO;
				GCC_NO_COMMON_BLOCKS = YES;
				GCC_OPTIMIZATION_LEVEL = 0;
				GCC_PREPROCESSOR_DEFINITIONS = (
					"DEBUG=1",
					"$(inherited)",
				);
				GCC_WARN_64_TO_32_BIT_CONVERSION = YES;
				GCC_WARN_ABOUT_RETURN_TYPE = YES_ERROR;
				GCC_WARN_UNDECLARED_SELECTOR = YES;
				GCC_WARN_UNINITIALIZED_AUTOS = YES_AGGRESSIVE;
				GCC_WARN_UNUSED_FUNCTION = YES;
				GCC_WARN_UNUSED_VARIABLE = YES;
				IPHONEOS_DEPLOYMENT_TARGET = 9.2;
				MTL_ENABLE_DEBUG_INFO = YES;
				ONLY_ACTIVE_ARCH = YES;
				SDKROOT = iphoneos;
				SWIFT_OPTIMIZATION_LEVEL = "-Onone";
			};
			name = Debug;
		};
		D9B332F71C68F90E00013CD1 /* Release */ = {
			isa = XCBuildConfiguration;
			buildSettings = {
				ALWAYS_SEARCH_USER_PATHS = NO;
				CLANG_CXX_LANGUAGE_STANDARD = "gnu++0x";
				CLANG_CXX_LIBRARY = "libc++";
				CLANG_ENABLE_MODULES = YES;
				CLANG_ENABLE_OBJC_ARC = YES;
				CLANG_WARN_BOOL_CONVERSION = YES;
				CLANG_WARN_CONSTANT_CONVERSION = YES;
				CLANG_WARN_DIRECT_OBJC_ISA_USAGE = YES_ERROR;
				CLANG_WARN_EMPTY_BODY = YES;
				CLANG_WARN_ENUM_CONVERSION = YES;
				CLANG_WARN_INT_CONVERSION = YES;
				CLANG_WARN_OBJC_ROOT_CLASS = YES_ERROR;
				CLANG_WARN_UNREACHABLE_CODE = YES;
				CLANG_WARN__DUPLICATE_METHOD_MATCH = YES;
				"CODE_SIGN_IDENTITY[sdk=iphoneos*]" = "iPhone Developer";
				COPY_PHASE_STRIP = NO;
				DEBUG_INFORMATION_FORMAT = "dwarf-with-dsym";
				ENABLE_NS_ASSERTIONS = NO;
				ENABLE_STRICT_OBJC_MSGSEND = YES;
				GCC_C_LANGUAGE_STANDARD = gnu99;
				GCC_NO_COMMON_BLOCKS = YES;
				GCC_WARN_64_TO_32_BIT_CONVERSION = YES;
				GCC_WARN_ABOUT_RETURN_TYPE = YES_ERROR;
				GCC_WARN_UNDECLARED_SELECTOR = YES;
				GCC_WARN_UNINITIALIZED_AUTOS = YES_AGGRESSIVE;
				GCC_WARN_UNUSED_FUNCTION = YES;
				GCC_WARN_UNUSED_VARIABLE = YES;
				IPHONEOS_DEPLOYMENT_TARGET = 9.2;
				MTL_ENABLE_DEBUG_INFO = NO;
				SDKROOT = iphoneos;
				VALIDATE_PRODUCT = YES;
			};
			name = Release;
		};
		D9B332F91C68F90E00013CD1 /* Debug */ = {
			isa = XCBuildConfiguration;
			buildSettings = {
				ASSETCATALOG_COMPILER_APPICON_NAME = AppIcon;
				INFOPLIST_FILE = CenterFloatingActionButtonTabBar/Info.plist;
				LD_RUNPATH_SEARCH_PATHS = "$(inherited) @executable_path/Frameworks";
				PRODUCT_BUNDLE_IDENTIFIER = com.terrybu.CenterFloatingActionButtonTabBar;
				PRODUCT_NAME = "$(TARGET_NAME)";
			};
			name = Debug;
		};
		D9B332FA1C68F90E00013CD1 /* Release */ = {
			isa = XCBuildConfiguration;
			buildSettings = {
				ASSETCATALOG_COMPILER_APPICON_NAME = AppIcon;
				INFOPLIST_FILE = CenterFloatingActionButtonTabBar/Info.plist;
				LD_RUNPATH_SEARCH_PATHS = "$(inherited) @executable_path/Frameworks";
				PRODUCT_BUNDLE_IDENTIFIER = com.terrybu.CenterFloatingActionButtonTabBar;
				PRODUCT_NAME = "$(TARGET_NAME)";
			};
			name = Release;
		};
/* End XCBuildConfiguration section */

/* Begin XCConfigurationList section */
		D9B332E11C68F90E00013CD1 /* Build configuration list for PBXProject "CenterFloatingActionButtonTabBar" */ = {
			isa = XCConfigurationList;
			buildConfigurations = (
				D9B332F61C68F90E00013CD1 /* Debug */,
				D9B332F71C68F90E00013CD1 /* Release */,
			);
			defaultConfigurationIsVisible = 0;
			defaultConfigurationName = Release;
		};
		D9B332F81C68F90E00013CD1 /* Build configuration list for PBXNativeTarget "CenterFloatingActionButtonTabBar" */ = {
			isa = XCConfigurationList;
			buildConfigurations = (
				D9B332F91C68F90E00013CD1 /* Debug */,
				D9B332FA1C68F90E00013CD1 /* Release */,
			);
			defaultConfigurationIsVisible = 0;
		};
/* End XCConfigurationList section */
	};
	rootObject = D9B332DE1C68F90E00013CD1 /* Project object */;
}
